{
  "name": "Readme-Testing",
  "lockfileVersion": 2,
  "requires": true,
  "packages": {
    "": {
      "dependencies": {
        "simple-icons": "^7.16.0"
      }
    },
    "node_modules/simple-icons": {
      "version": "7.16.0",
      "resolved": "https://registry.npmjs.org/simple-icons/-/simple-icons-7.16.0.tgz",
      "integrity": "sha512-LEH2BdPyqQY5jj1TxDxnfjnJwdZlU/Paa46a6VSHy/Qosly2yvWb3CI9AjPendaA+ZpeSISuAeWVFDMyAX4Gwg==",
      "engines": {
        "node": ">=0.12.18"
      },
      "funding": {
        "type": "opencollective",
        "url": "https://opencollective.com/simple-icons"
      }
    }
  },
  "dependencies": {
    "simple-icons": {
      "version": "7.16.0",
      "resolved": "https://registry.npmjs.org/simple-icons/-/simple-icons-7.16.0.tgz",
      "integrity": "sha512-LEH2BdPyqQY5jj1TxDxnfjnJwdZlU/Paa46a6VSHy/Qosly2yvWb3CI9AjPendaA+ZpeSISuAeWVFDMyAX4Gwg=="
    }
  }
}
